
Microsoft Visual Studio Solution File, Format Version 12.00
# Visual Studio 15
VisualStudioVersion = 15.0.27428.2043
MinimumVisualStudioVersion = 10.0.40219.1
Project("{FAE04EC0-301F-11D3-BF4B-00C04F79EFBC}") = "JourneyPlanner", "JourneyPlanner\JourneyPlanner.csproj", "{65D1126E-65C4-40A2-8882-F0A30FFA9ED7}"
EndProject
Global
	GlobalSection(SolutionConfigurationPlatforms) = preSolution
		Debug|Any CPU = Debug|Any CPU
		Release|Any CPU = Release|Any CPU
	EndGlobalSection
	GlobalSection(ProjectConfigurationPlatforms) = postSolution
		{65D1126E-65C4-40A2-8882-F0A30FFA9ED7}.Debug|Any CPU.ActiveCfg = Debug|Any CPU
		{65D1126E-65C4-40A2-8882-F0A30FFA9ED7}.Debug|Any CPU.Build.0 = Debug|Any CPU
		{65D1126E-65C4-40A2-8882-F0A30FFA9ED7}.Release|Any CPU.ActiveCfg = Release|Any CPU
		{65D1126E-65C4-40A2-8882-F0A30FFA9ED7}.Release|Any CPU.Build.0 = Release|Any CPU
	EndGlobalSection
	GlobalSection(SolutionProperties) = preSolution
		HideSolutionNode = FALSE
	EndGlobalSection
	GlobalSection(ExtensibilityGlobals) = postSolution
		SolutionGuid = {BC214A6F-30E9-4108-A5AB-02AC0F2186B1}
	EndGlobalSection
EndGlobal
